// !$*UTF8*$!
{
	archiveVersion = 1;
	classes = {
	};
	objectVersion = 56;
	objects = {

/* Begin PBXBuildFile section */
		2C30BFE7298179F9009C9072 /* GoogleService-Info.plist in Resources */ = {isa = PBXBuildFile; fileRef = 2C30BFE6298179F8009C9072 /* GoogleService-Info.plist */; };
		2C30BFEA29817CC8009C9072 /* FirebaseAuth in Frameworks */ = {isa = PBXBuildFile; productRef = 2C30BFE929817CC8009C9072 /* FirebaseAuth */; };
		2C30BFEC29817CC8009C9072 /* FirebaseFirestore in Frameworks */ = {isa = PBXBuildFile; productRef = 2C30BFEB29817CC8009C9072 /* FirebaseFirestore */; };
		2C30BFEE29817CC8009C9072 /* FirebaseStorage in Frameworks */ = {isa = PBXBuildFile; productRef = 2C30BFED29817CC8009C9072 /* FirebaseStorage */; };
		2C387C7929818492007CD921 /* AuthService.swift in Sources */ = {isa = PBXBuildFile; fileRef = 2C387C7829818492007CD921 /* AuthService.swift */; };
		2CC01DA82979857A0037819E /* CatalogViewModel.swift in Sources */ = {isa = PBXBuildFile; fileRef = 2CC01DA72979857A0037819E /* CatalogViewModel.swift */; };
		2CC01DAA2979A94F0037819E /* ProductDetailView.swift in Sources */ = {isa = PBXBuildFile; fileRef = 2CC01DA92979A94F0037819E /* ProductDetailView.swift */; };
		2CCB1F77297C035C00DF7CD5 /* ProductCart.swift in Sources */ = {isa = PBXBuildFile; fileRef = 2CCB1F76297C035C00DF7CD5 /* ProductCart.swift */; };
		2CCCBDE32972D11700C087FD /* FastPizzaApp.swift in Sources */ = {isa = PBXBuildFile; fileRef = 2CCCBDE22972D11700C087FD /* FastPizzaApp.swift */; };
		2CCCBDE52972D11700C087FD /* AuthView.swift in Sources */ = {isa = PBXBuildFile; fileRef = 2CCCBDE42972D11700C087FD /* AuthView.swift */; };
		2CCCBDEA2972D11900C087FD /* Preview Assets.xcassets in Resources */ = {isa = PBXBuildFile; fileRef = 2CCCBDE92972D11900C087FD /* Preview Assets.xcassets */; };
		2CCCBDF12972E43700C087FD /* MainTabBar.swift in Sources */ = {isa = PBXBuildFile; fileRef = 2CCCBDF02972E43700C087FD /* MainTabBar.swift */; };
		2CCCBDF32972E93800C087FD /* CatalogView.swift in Sources */ = {isa = PBXBuildFile; fileRef = 2CCCBDF22972E93800C087FD /* CatalogView.swift */; };
		2CCCBDF52972E94300C087FD /* CartView.swift in Sources */ = {isa = PBXBuildFile; fileRef = 2CCCBDF42972E94300C087FD /* CartView.swift */; };
		2CCCBDF72972E95A00C087FD /* ProfileView.swift in Sources */ = {isa = PBXBuildFile; fileRef = 2CCCBDF62972E95A00C087FD /* ProfileView.swift */; };
		2CCCBDFC2972EB0600C087FD /* Product.swift in Sources */ = {isa = PBXBuildFile; fileRef = 2CCCBDFB2972EB0600C087FD /* Product.swift */; };
		2CCCBDFE2972ECDE00C087FD /* ProductCell.swift in Sources */ = {isa = PBXBuildFile; fileRef = 2CCCBDFD2972ECDE00C087FD /* ProductCell.swift */; };
		2CEEF007297ACBE600D99717 /* ProductDetailViewModel.swift in Sources */ = {isa = PBXBuildFile; fileRef = 2CEEF006297ACBE600D99717 /* ProductDetailViewModel.swift */; };
		2CEEF009297B16B700D99717 /* Position.swift in Sources */ = {isa = PBXBuildFile; fileRef = 2CEEF008297B16B700D99717 /* Position.swift */; };
		2CEEF00D297B17A100D99717 /* CartViewModel.swift in Sources */ = {isa = PBXBuildFile; fileRef = 2CEEF00C297B17A100D99717 /* CartViewModel.swift */; };
/* End PBXBuildFile section */

/* Begin PBXFileReference section */
		2C30BFE6298179F8009C9072 /* GoogleService-Info.plist */ = {isa = PBXFileReference; fileEncoding = 4; lastKnownFileType = text.plist.xml; path = "GoogleService-Info.plist"; sourceTree = "<group>"; };
		2C35B687297EE1B1005CAB97 /* Assets.xcassets */ = {isa = PBXFileReference; lastKnownFileType = folder.assetcatalog; path = Assets.xcassets; sourceTree = "<group>"; };
		2C387C7829818492007CD921 /* AuthService.swift */ = {isa = PBXFileReference; lastKnownFileType = sourcecode.swift; path = AuthService.swift; sourceTree = "<group>"; };
		2CC01DA72979857A0037819E /* CatalogViewModel.swift */ = {isa = PBXFileReference; lastKnownFileType = sourcecode.swift; path = CatalogViewModel.swift; sourceTree = "<group>"; };
		2CC01DA92979A94F0037819E /* ProductDetailView.swift */ = {isa = PBXFileReference; lastKnownFileType = sourcecode.swift; path = ProductDetailView.swift; sourceTree = "<group>"; };
		2CCB1F76297C035C00DF7CD5 /* ProductCart.swift */ = {isa = PBXFileReference; lastKnownFileType = sourcecode.swift; path = ProductCart.swift; sourceTree = "<group>"; };
		2CCCBDDF2972D11700C087FD /* FastPizza.app */ = {isa = PBXFileReference; explicitFileType = wrapper.application; includeInIndex = 0; path = FastPizza.app; sourceTree = BUILT_PRODUCTS_DIR; };
		2CCCBDE22972D11700C087FD /* FastPizzaApp.swift */ = {isa = PBXFileReference; lastKnownFileType = sourcecode.swift; path = FastPizzaApp.swift; sourceTree = "<group>"; };
		2CCCBDE42972D11700C087FD /* AuthView.swift */ = {isa = PBXFileReference; lastKnownFileType = sourcecode.swift; path = AuthView.swift; sourceTree = "<group>"; };
		2CCCBDE92972D11900C087FD /* Preview Assets.xcassets */ = {isa = PBXFileReference; lastKnownFileType = folder.assetcatalog; path = "Preview Assets.xcassets"; sourceTree = "<group>"; };
		2CCCBDF02972E43700C087FD /* MainTabBar.swift */ = {isa = PBXFileReference; lastKnownFileType = sourcecode.swift; path = MainTabBar.swift; sourceTree = "<group>"; };
		2CCCBDF22972E93800C087FD /* CatalogView.swift */ = {isa = PBXFileReference; lastKnownFileType = sourcecode.swift; path = CatalogView.swift; sourceTree = "<group>"; };
		2CCCBDF42972E94300C087FD /* CartView.swift */ = {isa = PBXFileReference; lastKnownFileType = sourcecode.swift; path = CartView.swift; sourceTree = "<group>"; };
		2CCCBDF62972E95A00C087FD /* ProfileView.swift */ = {isa = PBXFileReference; lastKnownFileType = sourcecode.swift; path = ProfileView.swift; sourceTree = "<group>"; };
		2CCCBDFB2972EB0600C087FD /* Product.swift */ = {isa = PBXFileReference; lastKnownFileType = sourcecode.swift; path = Product.swift; sourceTree = "<group>"; };
		2CCCBDFD2972ECDE00C087FD /* ProductCell.swift */ = {isa = PBXFileReference; lastKnownFileType = sourcecode.swift; path = ProductCell.swift; sourceTree = "<group>"; };
		2CEEF006297ACBE600D99717 /* ProductDetailViewModel.swift */ = {isa = PBXFileReference; lastKnownFileType = sourcecode.swift; path = ProductDetailViewModel.swift; sourceTree = "<group>"; };
		2CEEF008297B16B700D99717 /* Position.swift */ = {isa = PBXFileReference; lastKnownFileType = sourcecode.swift; path = Position.swift; sourceTree = "<group>"; };
		2CEEF00C297B17A100D99717 /* CartViewModel.swift */ = {isa = PBXFileReference; lastKnownFileType = sourcecode.swift; path = CartViewModel.swift; sourceTree = "<group>"; };
/* End PBXFileReference section */

/* Begin PBXFrameworksBuildPhase section */
		2CCCBDDC2972D11700C087FD /* Frameworks */ = {
			isa = PBXFrameworksBuildPhase;
			buildActionMask = 2147483647;
			files = (
				2C30BFEA29817CC8009C9072 /* FirebaseAuth in Frameworks */,
				2C30BFEC29817CC8009C9072 /* FirebaseFirestore in Frameworks */,
				2C30BFEE29817CC8009C9072 /* FirebaseStorage in Frameworks */,
			);
			runOnlyForDeploymentPostprocessing = 0;
		};
/* End PBXFrameworksBuildPhase section */

/* Begin PBXGroup section */
		2C387C7A29818497007CD921 /* Services */ = {
			isa = PBXGroup;
			children = (
				2C387C7829818492007CD921 /* AuthService.swift */,
			);
			path = Services;
			sourceTree = "<group>";
		};
		2CCCBDD62972D11700C087FD = {
			isa = PBXGroup;
			children = (
				2CCCBDE12972D11700C087FD /* FastPizza */,
				2CCCBDE02972D11700C087FD /* Products */,
			);
			sourceTree = "<group>";
		};
		2CCCBDE02972D11700C087FD /* Products */ = {
			isa = PBXGroup;
			children = (
				2CCCBDDF2972D11700C087FD /* FastPizza.app */,
			);
			name = Products;
			sourceTree = "<group>";
		};
		2CCCBDE12972D11700C087FD /* FastPizza */ = {
			isa = PBXGroup;
			children = (
				2CCCBDE22972D11700C087FD /* FastPizzaApp.swift */,
				2CCCBDF82972E96600C087FD /* View */,
				2CCCBDF92972EAB600C087FD /* ViewModel */,
				2CCCBDFA2972EAEA00C087FD /* Model */,
				2CCCBDFF2972ED0200C087FD /* Components */,
				2C387C7A29818497007CD921 /* Services */,
				2CCCBDE82972D11900C087FD /* Preview Content */,
				2C30BFE6298179F8009C9072 /* GoogleService-Info.plist */,
			);
			path = FastPizza;
			sourceTree = "<group>";
		};
		2CCCBDE82972D11900C087FD /* Preview Content */ = {
			isa = PBXGroup;
			children = (
				2C35B687297EE1B1005CAB97 /* Assets.xcassets */,
				2CCCBDE92972D11900C087FD /* Preview Assets.xcassets */,
			);
			path = "Preview Content";
			sourceTree = "<group>";
		};
		2CCCBDF82972E96600C087FD /* View */ = {
			isa = PBXGroup;
			children = (
				2CCCBDE42972D11700C087FD /* AuthView.swift */,
				2CCCBDF02972E43700C087FD /* MainTabBar.swift */,
				2CCCBDF22972E93800C087FD /* CatalogView.swift */,
				2CCCBDF42972E94300C087FD /* CartView.swift */,
				2CCCBDF62972E95A00C087FD /* ProfileView.swift */,
				2CC01DA92979A94F0037819E /* ProductDetailView.swift */,
			);
			path = View;
			sourceTree = "<group>";
		};
		2CCCBDF92972EAB600C087FD /* ViewModel */ = {
			isa = PBXGroup;
			children = (
				2CC01DA72979857A0037819E /* CatalogViewModel.swift */,
				2CEEF006297ACBE600D99717 /* ProductDetailViewModel.swift */,
				2CEEF00C297B17A100D99717 /* CartViewModel.swift */,
			);
			path = ViewModel;
			sourceTree = "<group>";
		};
		2CCCBDFA2972EAEA00C087FD /* Model */ = {
			isa = PBXGroup;
			children = (
				2CCCBDFB2972EB0600C087FD /* Product.swift */,
				2CEEF008297B16B700D99717 /* Position.swift */,
			);
			path = Model;
			sourceTree = "<group>";
		};
		2CCCBDFF2972ED0200C087FD /* Components */ = {
			isa = PBXGroup;
			children = (
				2CCCBDFD2972ECDE00C087FD /* ProductCell.swift */,
				2CCB1F76297C035C00DF7CD5 /* ProductCart.swift */,
			);
			path = Components;
			sourceTree = "<group>";
		};
/* End PBXGroup section */

/* Begin PBXNativeTarget section */
		2CCCBDDE2972D11700C087FD /* FastPizza */ = {
			isa = PBXNativeTarget;
			buildConfigurationList = 2CCCBDED2972D11900C087FD /* Build configuration list for PBXNativeTarget "FastPizza" */;
			buildPhases = (
				2CCCBDDB2972D11700C087FD /* Sources */,
				2CCCBDDC2972D11700C087FD /* Frameworks */,
				2CCCBDDD2972D11700C087FD /* Resources */,
			);
			buildRules = (
			);
			dependencies = (
			);
			name = FastPizza;
			packageProductDependencies = (
				2C30BFE929817CC8009C9072 /* FirebaseAuth */,
				2C30BFEB29817CC8009C9072 /* FirebaseFirestore */,
				2C30BFED29817CC8009C9072 /* FirebaseStorage */,
			);
			productName = FastPizza;
			productReference = 2CCCBDDF2972D11700C087FD /* FastPizza.app */;
			productType = "com.apple.product-type.application";
		};
/* End PBXNativeTarget section */

/* Begin PBXProject section */
		2CCCBDD72972D11700C087FD /* Project object */ = {
			isa = PBXProject;
			attributes = {
				BuildIndependentTargetsInParallel = 1;
				LastSwiftUpdateCheck = 1420;
				LastUpgradeCheck = 1420;
				TargetAttributes = {
					2CCCBDDE2972D11700C087FD = {
						CreatedOnToolsVersion = 14.2;
					};
				};
			};
			buildConfigurationList = 2CCCBDDA2972D11700C087FD /* Build configuration list for PBXProject "FastPizza" */;
			compatibilityVersion = "Xcode 14.0";
			developmentRegion = en;
			hasScannedForEncodings = 0;
			knownRegions = (
				en,
				Base,
			);
			mainGroup = 2CCCBDD62972D11700C087FD;
			packageReferences = (
				2C30BFE829817CC8009C9072 /* XCRemoteSwiftPackageReference "firebase-ios-sdk" */,
			);
			productRefGroup = 2CCCBDE02972D11700C087FD /* Products */;
			projectDirPath = "";
			projectRoot = "";
			targets = (
				2CCCBDDE2972D11700C087FD /* FastPizza */,
			);
		};
/* End PBXProject section */

/* Begin PBXResourcesBuildPhase section */
		2CCCBDDD2972D11700C087FD /* Resources */ = {
			isa = PBXResourcesBuildPhase;
			buildActionMask = 2147483647;
			files = (
				2CCCBDEA2972D11900C087FD /* Preview Assets.xcassets in Resources */,
				2C30BFE7298179F9009C9072 /* GoogleService-Info.plist in Resources */,
			);
			runOnlyForDeploymentPostprocessing = 0;
		};
/* End PBXResourcesBuildPhase section */

/* Begin PBXSourcesBuildPhase section */
		2CCCBDDB2972D11700C087FD /* Sources */ = {
			isa = PBXSourcesBuildPhase;
			buildActionMask = 2147483647;
			files = (
				2CCCBDF12972E43700C087FD /* MainTabBar.swift in Sources */,
				2CC01DAA2979A94F0037819E /* ProductDetailView.swift in Sources */,
				2CEEF009297B16B700D99717 /* Position.swift in Sources */,
				2CCB1F77297C035C00DF7CD5 /* ProductCart.swift in Sources */,
				2CEEF00D297B17A100D99717 /* CartViewModel.swift in Sources */,
				2CCCBDE52972D11700C087FD /* AuthView.swift in Sources */,
				2CCCBDF32972E93800C087FD /* CatalogView.swift in Sources */,
				2CCCBDE32972D11700C087FD /* FastPizzaApp.swift in Sources */,
				2CEEF007297ACBE600D99717 /* ProductDetailViewModel.swift in Sources */,
				2CCCBDF72972E95A00C087FD /* ProfileView.swift in Sources */,
				2CCCBDFE2972ECDE00C087FD /* ProductCell.swift in Sources */,
				2CCCBDF52972E94300C087FD /* CartView.swift in Sources */,
				2C387C7929818492007CD921 /* AuthService.swift in Sources */,
				2CCCBDFC2972EB0600C087FD /* Product.swift in Sources */,
				2CC01DA82979857A0037819E /* CatalogViewModel.swift in Sources */,
			);
			runOnlyForDeploymentPostprocessing = 0;
		};
/* End PBXSourcesBuildPhase section */

/* Begin XCBuildConfiguration section */
		2CCCBDEB2972D11900C087FD /* Debug */ = {
			isa = XCBuildConfiguration;
			buildSettings = {
				ALWAYS_SEARCH_USER_PATHS = NO;
				CLANG_ANALYZER_NONNULL = YES;
				CLANG_ANALYZER_NUMBER_OBJECT_CONVERSION = YES_AGGRESSIVE;
				CLANG_CXX_LANGUAGE_STANDARD = "gnu++20";
				CLANG_ENABLE_MODULES = YES;
				CLANG_ENABLE_OBJC_ARC = YES;
				CLANG_ENABLE_OBJC_WEAK = YES;
				CLANG_WARN_BLOCK_CAPTURE_AUTORELEASING = YES;
				CLANG_WARN_BOOL_CONVERSION = YES;
				CLANG_WARN_COMMA = YES;
				CLANG_WARN_CONSTANT_CONVERSION = YES;
				CLANG_WARN_DEPRECATED_OBJC_IMPLEMENTATIONS = YES;
				CLANG_WARN_DIRECT_OBJC_ISA_USAGE = YES_ERROR;
				CLANG_WARN_DOCUMENTATION_COMMENTS = YES;
				CLANG_WARN_EMPTY_BODY = YES;
				CLANG_WARN_ENUM_CONVERSION = YES;
				CLANG_WARN_INFINITE_RECURSION = YES;
				CLANG_WARN_INT_CONVERSION = YES;
				CLANG_WARN_NON_LITERAL_NULL_CONVERSION = YES;
				CLANG_WARN_OBJC_IMPLICIT_RETAIN_SELF = YES;
				CLANG_WARN_OBJC_LITERAL_CONVERSION = YES;
				CLANG_WARN_OBJC_ROOT_CLASS = YES_ERROR;
				CLANG_WARN_QUOTED_INCLUDE_IN_FRAMEWORK_HEADER = YES;
				CLANG_WARN_RANGE_LOOP_ANALYSIS = YES;
				CLANG_WARN_STRICT_PROTOTYPES = YES;
				CLANG_WARN_SUSPICIOUS_MOVE = YES;
				CLANG_WARN_UNGUARDED_AVAILABILITY = YES_AGGRESSIVE;
				CLANG_WARN_UNREACHABLE_CODE = YES;
				CLANG_WARN__DUPLICATE_METHOD_MATCH = YES;
				COPY_PHASE_STRIP = NO;
				DEBUG_INFORMATION_FORMAT = dwarf;
				ENABLE_STRICT_OBJC_MSGSEND = YES;
				ENABLE_TESTABILITY = YES;
				GCC_C_LANGUAGE_STANDARD = gnu11;
				GCC_DYNAMIC_NO_PIC = NO;
				GCC_NO_COMMON_BLOCKS = YES;
				GCC_OPTIMIZATION_LEVEL = 0;
				GCC_PREPROCESSOR_DEFINITIONS = (
					"DEBUG=1",
					"$(inherited)",
				);
				GCC_WARN_64_TO_32_BIT_CONVERSION = YES;
				GCC_WARN_ABOUT_RETURN_TYPE = YES_ERROR;
				GCC_WARN_UNDECLARED_SELECTOR = YES;
				GCC_WARN_UNINITIALIZED_AUTOS = YES_AGGRESSIVE;
				GCC_WARN_UNUSED_FUNCTION = YES;
				GCC_WARN_UNUSED_VARIABLE = YES;
				IPHONEOS_DEPLOYMENT_TARGET = 16.2;
				MTL_ENABLE_DEBUG_INFO = INCLUDE_SOURCE;
				MTL_FAST_MATH = YES;
				ONLY_ACTIVE_ARCH = YES;
				SDKROOT = iphoneos;
				SWIFT_ACTIVE_COMPILATION_CONDITIONS = DEBUG;
				SWIFT_OPTIMIZATION_LEVEL = "-Onone";
			};
			name = Debug;
		};
		2CCCBDEC2972D11900C087FD /* Release */ = {
			isa = XCBuildConfiguration;
			buildSettings = {
				ALWAYS_SEARCH_USER_PATHS = NO;
				CLANG_ANALYZER_NONNULL = YES;
				CLANG_ANALYZER_NUMBER_OBJECT_CONVERSION = YES_AGGRESSIVE;
				CLANG_CXX_LANGUAGE_STANDARD = "gnu++20";
				CLANG_ENABLE_MODULES = YES;
				CLANG_ENABLE_OBJC_ARC = YES;
				CLANG_ENABLE_OBJC_WEAK = YES;
				CLANG_WARN_BLOCK_CAPTURE_AUTORELEASING = YES;
				CLANG_WARN_BOOL_CONVERSION = YES;
				CLANG_WARN_COMMA = YES;
				CLANG_WARN_CONSTANT_CONVERSION = YES;
				CLANG_WARN_DEPRECATED_OBJC_IMPLEMENTATIONS = YES;
				CLANG_WARN_DIRECT_OBJC_ISA_USAGE = YES_ERROR;
				CLANG_WARN_DOCUMENTATION_COMMENTS = YES;
				CLANG_WARN_EMPTY_BODY = YES;
				CLANG_WARN_ENUM_CONVERSION = YES;
				CLANG_WARN_INFINITE_RECURSION = YES;
				CLANG_WARN_INT_CONVERSION = YES;
				CLANG_WARN_NON_LITERAL_NULL_CONVERSION = YES;
				CLANG_WARN_OBJC_IMPLICIT_RETAIN_SELF = YES;
				CLANG_WARN_OBJC_LITERAL_CONVERSION = YES;
				CLANG_WARN_OBJC_ROOT_CLASS = YES_ERROR;
				CLANG_WARN_QUOTED_INCLUDE_IN_FRAMEWORK_HEADER = YES;
				CLANG_WARN_RANGE_LOOP_ANALYSIS = YES;
				CLANG_WARN_STRICT_PROTOTYPES = YES;
				CLANG_WARN_SUSPICIOUS_MOVE = YES;
				CLANG_WARN_UNGUARDED_AVAILABILITY = YES_AGGRESSIVE;
				CLANG_WARN_UNREACHABLE_CODE = YES;
				CLANG_WARN__DUPLICATE_METHOD_MATCH = YES;
				COPY_PHASE_STRIP = NO;
				DEBUG_INFORMATION_FORMAT = "dwarf-with-dsym";
				ENABLE_NS_ASSERTIONS = NO;
				ENABLE_STRICT_OBJC_MSGSEND = YES;
				GCC_C_LANGUAGE_STANDARD = gnu11;
				GCC_NO_COMMON_BLOCKS = YES;
				GCC_WARN_64_TO_32_BIT_CONVERSION = YES;
				GCC_WARN_ABOUT_RETURN_TYPE = YES_ERROR;
				GCC_WARN_UNDECLARED_SELECTOR = YES;
				GCC_WARN_UNINITIALIZED_AUTOS = YES_AGGRESSIVE;
				GCC_WARN_UNUSED_FUNCTION = YES;
				GCC_WARN_UNUSED_VARIABLE = YES;
				IPHONEOS_DEPLOYMENT_TARGET = 16.2;
				MTL_ENABLE_DEBUG_INFO = NO;
				MTL_FAST_MATH = YES;
				SDKROOT = iphoneos;
				SWIFT_COMPILATION_MODE = wholemodule;
				SWIFT_OPTIMIZATION_LEVEL = "-O";
				VALIDATE_PRODUCT = YES;
			};
			name = Release;
		};
		2CCCBDEE2972D11900C087FD /* Debug */ = {
			isa = XCBuildConfiguration;
			buildSettings = {
				ASSETCATALOG_COMPILER_APPICON_NAME = AppIcon;
				ASSETCATALOG_COMPILER_GLOBAL_ACCENT_COLOR_NAME = AccentColor;
				CODE_SIGN_STYLE = Automatic;
				CURRENT_PROJECT_VERSION = 1;
				DEVELOPMENT_ASSET_PATHS = "\"FastPizza/Preview Content\"";
				ENABLE_PREVIEWS = YES;
				GENERATE_INFOPLIST_FILE = YES;
				INFOPLIST_KEY_UIApplicationSceneManifest_Generation = YES;
				INFOPLIST_KEY_UIApplicationSupportsIndirectInputEvents = YES;
				INFOPLIST_KEY_UILaunchScreen_Generation = YES;
				INFOPLIST_KEY_UISupportedInterfaceOrientations_iPad = "UIInterfaceOrientationPortrait UIInterfaceOrientationPortraitUpsideDown UIInterfaceOrientationLandscapeLeft UIInterfaceOrientationLandscapeRight";
				INFOPLIST_KEY_UISupportedInterfaceOrientations_iPhone = "UIInterfaceOrientationPortrait UIInterfaceOrientationLandscapeLeft UIInterfaceOrientationLandscapeRight";
				LD_RUNPATH_SEARCH_PATHS = (
					"$(inherited)",
					"@executable_path/Frameworks",
				);
				MARKETING_VERSION = 1.0;
				PRODUCT_BUNDLE_IDENTIFIER = Alex.FastPizza;
				PRODUCT_NAME = "$(TARGET_NAME)";
				SWIFT_EMIT_LOC_STRINGS = YES;
				SWIFT_VERSION = 5.0;
				TARGETED_DEVICE_FAMILY = "1,2";
			};
			name = Debug;
		};
		2CCCBDEF2972D11900C087FD /* Release */ = {
			isa = XCBuildConfiguration;
			buildSettings = {
				ASSETCATALOG_COMPILER_APPICON_NAME = AppIcon;
				ASSETCATALOG_COMPILER_GLOBAL_ACCENT_COLOR_NAME = AccentColor;
				CODE_SIGN_STYLE = Automatic;
				CURRENT_PROJECT_VERSION = 1;
				DEVELOPMENT_ASSET_PATHS = "\"FastPizza/Preview Content\"";
				ENABLE_PREVIEWS = YES;
				GENERATE_INFOPLIST_FILE = YES;
				INFOPLIST_KEY_UIApplicationSceneManifest_Generation = YES;
				INFOPLIST_KEY_UIApplicationSupportsIndirectInputEvents = YES;
				INFOPLIST_KEY_UILaunchScreen_Generation = YES;
				INFOPLIST_KEY_UISupportedInterfaceOrientations_iPad = "UIInterfaceOrientationPortrait UIInterfaceOrientationPortraitUpsideDown UIInterfaceOrientationLandscapeLeft UIInterfaceOrientationLandscapeRight";
				INFOPLIST_KEY_UISupportedInterfaceOrientations_iPhone = "UIInterfaceOrientationPortrait UIInterfaceOrientationLandscapeLeft UIInterfaceOrientationLandscapeRight";
				LD_RUNPATH_SEARCH_PATHS = (
					"$(inherited)",
					"@executable_path/Frameworks",
				);
				MARKETING_VERSION = 1.0;
				PRODUCT_BUNDLE_IDENTIFIER = Alex.FastPizza;
				PRODUCT_NAME = "$(TARGET_NAME)";
				SWIFT_EMIT_LOC_STRINGS = YES;
				SWIFT_VERSION = 5.0;
				TARGETED_DEVICE_FAMILY = "1,2";
			};
			name = Release;
		};
/* End XCBuildConfiguration section */

/* Begin XCConfigurationList section */
		2CCCBDDA2972D11700C087FD /* Build configuration list for PBXProject "FastPizza" */ = {
			isa = XCConfigurationList;
			buildConfigurations = (
				2CCCBDEB2972D11900C087FD /* Debug */,
				2CCCBDEC2972D11900C087FD /* Release */,
			);
			defaultConfigurationIsVisible = 0;
			defaultConfigurationName = Release;
		};
		2CCCBDED2972D11900C087FD /* Build configuration list for PBXNativeTarget "FastPizza" */ = {
			isa = XCConfigurationList;
			buildConfigurations = (
				2CCCBDEE2972D11900C087FD /* Debug */,
				2CCCBDEF2972D11900C087FD /* Release */,
			);
			defaultConfigurationIsVisible = 0;
			defaultConfigurationName = Release;
		};
/* End XCConfigurationList section */

/* Begin XCRemoteSwiftPackageReference section */
		2C30BFE829817CC8009C9072 /* XCRemoteSwiftPackageReference "firebase-ios-sdk" */ = {
			isa = XCRemoteSwiftPackageReference;
			repositoryURL = "https://github.com/firebase/firebase-ios-sdk";
			requirement = {
				branch = master;
				kind = branch;
			};
		};
/* End XCRemoteSwiftPackageReference section */

/* Begin XCSwiftPackageProductDependency section */
		2C30BFE929817CC8009C9072 /* FirebaseAuth */ = {
			isa = XCSwiftPackageProductDependency;
			package = 2C30BFE829817CC8009C9072 /* XCRemoteSwiftPackageReference "firebase-ios-sdk" */;
			productName = FirebaseAuth;
		};
		2C30BFEB29817CC8009C9072 /* FirebaseFirestore */ = {
			isa = XCSwiftPackageProductDependency;
			package = 2C30BFE829817CC8009C9072 /* XCRemoteSwiftPackageReference "firebase-ios-sdk" */;
			productName = FirebaseFirestore;
		};
		2C30BFED29817CC8009C9072 /* FirebaseStorage */ = {
			isa = XCSwiftPackageProductDependency;
			package = 2C30BFE829817CC8009C9072 /* XCRemoteSwiftPackageReference "firebase-ios-sdk" */;
			productName = FirebaseStorage;
		};
/* End XCSwiftPackageProductDependency section */
	};
	rootObject = 2CCCBDD72972D11700C087FD /* Project object */;
}
